// !$*UTF8*$!
{
	archiveVersion = 1;
	classes = {
	};
	objectVersion = 56;
	objects = {

/* Begin PBXBuildFile section */
		5BD0D10A2C0BA38F00875E6D /* TikTokApp.swift in Sources */ = {isa = PBXBuildFile; fileRef = 5BD0D1092C0BA38F00875E6D /* TikTokApp.swift */; };
		5BD0D10C2C0BA38F00875E6D /* ContentView.swift in Sources */ = {isa = PBXBuildFile; fileRef = 5BD0D10B2C0BA38F00875E6D /* ContentView.swift */; };
		5BD0D10E2C0BA39100875E6D /* Assets.xcassets in Resources */ = {isa = PBXBuildFile; fileRef = 5BD0D10D2C0BA39100875E6D /* Assets.xcassets */; };
		5BD0D1112C0BA39100875E6D /* Preview Assets.xcassets in Resources */ = {isa = PBXBuildFile; fileRef = 5BD0D1102C0BA39100875E6D /* Preview Assets.xcassets */; };
		5BD0D1282C0BA4FB00875E6D /* MainTabView.swift in Sources */ = {isa = PBXBuildFile; fileRef = 5BD0D1272C0BA4FB00875E6D /* MainTabView.swift */; };
		5BD0D12A2C0BAD7300875E6D /* FeedView.swift in Sources */ = {isa = PBXBuildFile; fileRef = 5BD0D1292C0BAD7300875E6D /* FeedView.swift */; };
/* End PBXBuildFile section */

/* Begin PBXFileReference section */
		5BD0D1062C0BA38F00875E6D /* TikTok.app */ = {isa = PBXFileReference; explicitFileType = wrapper.application; includeInIndex = 0; path = TikTok.app; sourceTree = BUILT_PRODUCTS_DIR; };
		5BD0D1092C0BA38F00875E6D /* TikTokApp.swift */ = {isa = PBXFileReference; lastKnownFileType = sourcecode.swift; path = TikTokApp.swift; sourceTree = "<group>"; };
		5BD0D10B2C0BA38F00875E6D /* ContentView.swift */ = {isa = PBXFileReference; lastKnownFileType = sourcecode.swift; path = ContentView.swift; sourceTree = "<group>"; };
		5BD0D10D2C0BA39100875E6D /* Assets.xcassets */ = {isa = PBXFileReference; lastKnownFileType = folder.assetcatalog; path = Assets.xcassets; sourceTree = "<group>"; };
		5BD0D1102C0BA39100875E6D /* Preview Assets.xcassets */ = {isa = PBXFileReference; lastKnownFileType = folder.assetcatalog; path = "Preview Assets.xcassets"; sourceTree = "<group>"; };
		5BD0D1272C0BA4FB00875E6D /* MainTabView.swift */ = {isa = PBXFileReference; lastKnownFileType = sourcecode.swift; path = MainTabView.swift; sourceTree = "<group>"; };
		5BD0D1292C0BAD7300875E6D /* FeedView.swift */ = {isa = PBXFileReference; lastKnownFileType = sourcecode.swift; path = FeedView.swift; sourceTree = "<group>"; };
/* End PBXFileReference section */

/* Begin PBXFrameworksBuildPhase section */
		5BD0D1032C0BA38F00875E6D /* Frameworks */ = {
			isa = PBXFrameworksBuildPhase;
			buildActionMask = 2147483647;
			files = (
			);
			runOnlyForDeploymentPostprocessing = 0;
		};
/* End PBXFrameworksBuildPhase section */

/* Begin PBXGroup section */
		5BD0D0FD2C0BA38F00875E6D = {
			isa = PBXGroup;
			children = (
				5BD0D1082C0BA38F00875E6D /* TikTok */,
				5BD0D1072C0BA38F00875E6D /* Products */,
			);
			sourceTree = "<group>";
		};
		5BD0D1072C0BA38F00875E6D /* Products */ = {
			isa = PBXGroup;
			children = (
				5BD0D1062C0BA38F00875E6D /* TikTok.app */,
			);
			name = Products;
			sourceTree = "<group>";
		};
		5BD0D1082C0BA38F00875E6D /* TikTok */ = {
			isa = PBXGroup;
			children = (
				5BD0D11C2C0BA3BA00875E6D /* App */,
				5BD0D11B2C0BA3B800875E6D /* Core */,
				5BD0D11A2C0BA3AC00875E6D /* Extentions */,
				5BD0D1192C0BA3A800875E6D /* Model */,
				5BD0D1182C0BA3A600875E6D /* Services */,
				5BD0D1172C0BA3A000875E6D /* Ulits */,
				5BD0D10D2C0BA39100875E6D /* Assets.xcassets */,
				5BD0D10F2C0BA39100875E6D /* Preview Content */,
			);
			path = TikTok;
			sourceTree = "<group>";
		};
		5BD0D10F2C0BA39100875E6D /* Preview Content */ = {
			isa = PBXGroup;
			children = (
				5BD0D1102C0BA39100875E6D /* Preview Assets.xcassets */,
			);
			path = "Preview Content";
			sourceTree = "<group>";
		};
		5BD0D1172C0BA3A000875E6D /* Ulits */ = {
			isa = PBXGroup;
			children = (
			);
			path = Ulits;
			sourceTree = "<group>";
		};
		5BD0D1182C0BA3A600875E6D /* Services */ = {
			isa = PBXGroup;
			children = (
			);
			path = Services;
			sourceTree = "<group>";
		};
		5BD0D1192C0BA3A800875E6D /* Model */ = {
			isa = PBXGroup;
			children = (
			);
			path = Model;
			sourceTree = "<group>";
		};
		5BD0D11A2C0BA3AC00875E6D /* Extentions */ = {
			isa = PBXGroup;
			children = (
			);
			path = Extentions;
			sourceTree = "<group>";
		};
		5BD0D11B2C0BA3B800875E6D /* Core */ = {
			isa = PBXGroup;
			children = (
				5BD0D1262C0BA40A00875E6D /* Authentication */,
				5BD0D1252C0BA40800875E6D /* Comments */,
				5BD0D1242C0BA40500875E6D /* Components */,
				5BD0D1232C0BA40300875E6D /* Feed */,
				5BD0D1222C0BA40200875E6D /* Notifications */,
				5BD0D1212C0BA40100875E6D /* Profile */,
				5BD0D1202C0BA40000875E6D /* Root */,
				5BD0D11F2C0BA3FE00875E6D /* Search */,
				5BD0D11E2C0BA3FC00875E6D /* TabBar */,
				5BD0D11D2C0BA3FB00875E6D /* UploadMedia */,
			);
			path = Core;
			sourceTree = "<group>";
		};
		5BD0D11C2C0BA3BA00875E6D /* App */ = {
			isa = PBXGroup;
			children = (
				5BD0D1092C0BA38F00875E6D /* TikTokApp.swift */,
			);
			path = App;
			sourceTree = "<group>";
		};
		5BD0D11D2C0BA3FB00875E6D /* UploadMedia */ = {
			isa = PBXGroup;
			children = (
			);
			path = UploadMedia;
			sourceTree = "<group>";
		};
		5BD0D11E2C0BA3FC00875E6D /* TabBar */ = {
			isa = PBXGroup;
			children = (
				5BD0D1272C0BA4FB00875E6D /* MainTabView.swift */,
			);
			path = TabBar;
			sourceTree = "<group>";
		};
		5BD0D11F2C0BA3FE00875E6D /* Search */ = {
			isa = PBXGroup;
			children = (
			);
			path = Search;
			sourceTree = "<group>";
		};
		5BD0D1202C0BA40000875E6D /* Root */ = {
			isa = PBXGroup;
			children = (
				5BD0D10B2C0BA38F00875E6D /* ContentView.swift */,
			);
			path = Root;
			sourceTree = "<group>";
		};
		5BD0D1212C0BA40100875E6D /* Profile */ = {
			isa = PBXGroup;
			children = (
			);
			path = Profile;
			sourceTree = "<group>";
		};
		5BD0D1222C0BA40200875E6D /* Notifications */ = {
			isa = PBXGroup;
			children = (
			);
			path = Notifications;
			sourceTree = "<group>";
		};
		5BD0D1232C0BA40300875E6D /* Feed */ = {
			isa = PBXGroup;
			children = (
				5BD0D1292C0BAD7300875E6D /* FeedView.swift */,
			);
			path = Feed;
			sourceTree = "<group>";
		};
		5BD0D1242C0BA40500875E6D /* Components */ = {
			isa = PBXGroup;
			children = (
			);
			path = Components;
			sourceTree = "<group>";
		};
		5BD0D1252C0BA40800875E6D /* Comments */ = {
			isa = PBXGroup;
			children = (
			);
			path = Comments;
			sourceTree = "<group>";
		};
		5BD0D1262C0BA40A00875E6D /* Authentication */ = {
			isa = PBXGroup;
			children = (
			);
			path = Authentication;
			sourceTree = "<group>";
		};
/* End PBXGroup section */

/* Begin PBXNativeTarget section */
		5BD0D1052C0BA38F00875E6D /* TikTok */ = {
			isa = PBXNativeTarget;
			buildConfigurationList = 5BD0D1142C0BA39100875E6D /* Build configuration list for PBXNativeTarget "TikTok" */;
			buildPhases = (
				5BD0D1022C0BA38F00875E6D /* Sources */,
				5BD0D1032C0BA38F00875E6D /* Frameworks */,
				5BD0D1042C0BA38F00875E6D /* Resources */,
			);
			buildRules = (
			);
			dependencies = (
			);
			name = TikTok;
			productName = TikTok;
			productReference = 5BD0D1062C0BA38F00875E6D /* TikTok.app */;
			productType = "com.apple.product-type.application";
		};
/* End PBXNativeTarget section */

/* Begin PBXProject section */
		5BD0D0FE2C0BA38F00875E6D /* Project object */ = {
			isa = PBXProject;
			attributes = {
				BuildIndependentTargetsInParallel = 1;
				LastSwiftUpdateCheck = 1540;
				LastUpgradeCheck = 1540;
				TargetAttributes = {
					5BD0D1052C0BA38F00875E6D = {
						CreatedOnToolsVersion = 15.4;
					};
				};
			};
			buildConfigurationList = 5BD0D1012C0BA38F00875E6D /* Build configuration list for PBXProject "TikTok" */;
			compatibilityVersion = "Xcode 14.0";
			developmentRegion = en;
			hasScannedForEncodings = 0;
			knownRegions = (
				en,
				Base,
			);
			mainGroup = 5BD0D0FD2C0BA38F00875E6D;
			productRefGroup = 5BD0D1072C0BA38F00875E6D /* Products */;
			projectDirPath = "";
			projectRoot = "";
			targets = (
				5BD0D1052C0BA38F00875E6D /* TikTok */,
			);
		};
/* End PBXProject section */

/* Begin PBXResourcesBuildPhase section */
		5BD0D1042C0BA38F00875E6D /* Resources */ = {
			isa = PBXResourcesBuildPhase;
			buildActionMask = 2147483647;
			files = (
				5BD0D1112C0BA39100875E6D /* Preview Assets.xcassets in Resources */,
				5BD0D10E2C0BA39100875E6D /* Assets.xcassets in Resources */,
			);
			runOnlyForDeploymentPostprocessing = 0;
		};
/* End PBXResourcesBuildPhase section */

/* Begin PBXSourcesBuildPhase section */
		5BD0D1022C0BA38F00875E6D /* Sources */ = {
			isa = PBXSourcesBuildPhase;
			buildActionMask = 2147483647;
			files = (
				5BD0D12A2C0BAD7300875E6D /* FeedView.swift in Sources */,
				5BD0D10C2C0BA38F00875E6D /* ContentView.swift in Sources */,
				5BD0D10A2C0BA38F00875E6D /* TikTokApp.swift in Sources */,
				5BD0D1282C0BA4FB00875E6D /* MainTabView.swift in Sources */,
			);
			runOnlyForDeploymentPostprocessing = 0;
		};
/* End PBXSourcesBuildPhase section */

/* Begin XCBuildConfiguration section */
		5BD0D1122C0BA39100875E6D /* Debug */ = {
			isa = XCBuildConfiguration;
			buildSettings = {
				ALWAYS_SEARCH_USER_PATHS = NO;
				ASSETCATALOG_COMPILER_GENERATE_SWIFT_ASSET_SYMBOL_EXTENSIONS = YES;
				CLANG_ANALYZER_NONNULL = YES;
				CLANG_ANALYZER_NUMBER_OBJECT_CONVERSION = YES_AGGRESSIVE;
				CLANG_CXX_LANGUAGE_STANDARD = "gnu++20";
				CLANG_ENABLE_MODULES = YES;
				CLANG_ENABLE_OBJC_ARC = YES;
				CLANG_ENABLE_OBJC_WEAK = YES;
				CLANG_WARN_BLOCK_CAPTURE_AUTORELEASING = YES;
				CLANG_WARN_BOOL_CONVERSION = YES;
				CLANG_WARN_COMMA = YES;
				CLANG_WARN_CONSTANT_CONVERSION = YES;
				CLANG_WARN_DEPRECATED_OBJC_IMPLEMENTATIONS = YES;
				CLANG_WARN_DIRECT_OBJC_ISA_USAGE = YES_ERROR;
				CLANG_WARN_DOCUMENTATION_COMMENTS = YES;
				CLANG_WARN_EMPTY_BODY = YES;
				CLANG_WARN_ENUM_CONVERSION = YES;
				CLANG_WARN_INFINITE_RECURSION = YES;
				CLANG_WARN_INT_CONVERSION = YES;
				CLANG_WARN_NON_LITERAL_NULL_CONVERSION = YES;
				CLANG_WARN_OBJC_IMPLICIT_RETAIN_SELF = YES;
				CLANG_WARN_OBJC_LITERAL_CONVERSION = YES;
				CLANG_WARN_OBJC_ROOT_CLASS = YES_ERROR;
				CLANG_WARN_QUOTED_INCLUDE_IN_FRAMEWORK_HEADER = YES;
				CLANG_WARN_RANGE_LOOP_ANALYSIS = YES;
				CLANG_WARN_STRICT_PROTOTYPES = YES;
				CLANG_WARN_SUSPICIOUS_MOVE = YES;
				CLANG_WARN_UNGUARDED_AVAILABILITY = YES_AGGRESSIVE;
				CLANG_WARN_UNREACHABLE_CODE = YES;
				CLANG_WARN__DUPLICATE_METHOD_MATCH = YES;
				COPY_PHASE_STRIP = NO;
				DEBUG_INFORMATION_FORMAT = dwarf;
				ENABLE_STRICT_OBJC_MSGSEND = YES;
				ENABLE_TESTABILITY = YES;
				ENABLE_USER_SCRIPT_SANDBOXING = YES;
				GCC_C_LANGUAGE_STANDARD = gnu17;
				GCC_DYNAMIC_NO_PIC = NO;
				GCC_NO_COMMON_BLOCKS = YES;
				GCC_OPTIMIZATION_LEVEL = 0;
				GCC_PREPROCESSOR_DEFINITIONS = (
					"DEBUG=1",
					"$(inherited)",
				);
				GCC_WARN_64_TO_32_BIT_CONVERSION = YES;
				GCC_WARN_ABOUT_RETURN_TYPE = YES_ERROR;
				GCC_WARN_UNDECLARED_SELECTOR = YES;
				GCC_WARN_UNINITIALIZED_AUTOS = YES_AGGRESSIVE;
				GCC_WARN_UNUSED_FUNCTION = YES;
				GCC_WARN_UNUSED_VARIABLE = YES;
				IPHONEOS_DEPLOYMENT_TARGET = 17.5;
				LOCALIZATION_PREFERS_STRING_CATALOGS = YES;
				MTL_ENABLE_DEBUG_INFO = INCLUDE_SOURCE;
				MTL_FAST_MATH = YES;
				ONLY_ACTIVE_ARCH = YES;
				SDKROOT = iphoneos;
				SWIFT_ACTIVE_COMPILATION_CONDITIONS = "DEBUG $(inherited)";
				SWIFT_OPTIMIZATION_LEVEL = "-Onone";
			};
			name = Debug;
		};
		5BD0D1132C0BA39100875E6D /* Release */ = {
			isa = XCBuildConfiguration;
			buildSettings = {
				ALWAYS_SEARCH_USER_PATHS = NO;
				ASSETCATALOG_COMPILER_GENERATE_SWIFT_ASSET_SYMBOL_EXTENSIONS = YES;
				CLANG_ANALYZER_NONNULL = YES;
				CLANG_ANALYZER_NUMBER_OBJECT_CONVERSION = YES_AGGRESSIVE;
				CLANG_CXX_LANGUAGE_STANDARD = "gnu++20";
				CLANG_ENABLE_MODULES = YES;
				CLANG_ENABLE_OBJC_ARC = YES;
				CLANG_ENABLE_OBJC_WEAK = YES;
				CLANG_WARN_BLOCK_CAPTURE_AUTORELEASING = YES;
				CLANG_WARN_BOOL_CONVERSION = YES;
				CLANG_WARN_COMMA = YES;
				CLANG_WARN_CONSTANT_CONVERSION = YES;
				CLANG_WARN_DEPRECATED_OBJC_IMPLEMENTATIONS = YES;
				CLANG_WARN_DIRECT_OBJC_ISA_USAGE = YES_ERROR;
				CLANG_WARN_DOCUMENTATION_COMMENTS = YES;
				CLANG_WARN_EMPTY_BODY = YES;
				CLANG_WARN_ENUM_CONVERSION = YES;
				CLANG_WARN_INFINITE_RECURSION = YES;
				CLANG_WARN_INT_CONVERSION = YES;
				CLANG_WARN_NON_LITERAL_NULL_CONVERSION = YES;
				CLANG_WARN_OBJC_IMPLICIT_RETAIN_SELF = YES;
				CLANG_WARN_OBJC_LITERAL_CONVERSION = YES;
				CLANG_WARN_OBJC_ROOT_CLASS = YES_ERROR;
				CLANG_WARN_QUOTED_INCLUDE_IN_FRAMEWORK_HEADER = YES;
				CLANG_WARN_RANGE_LOOP_ANALYSIS = YES;
				CLANG_WARN_STRICT_PROTOTYPES = YES;
				CLANG_WARN_SUSPICIOUS_MOVE = YES;
				CLANG_WARN_UNGUARDED_AVAILABILITY = YES_AGGRESSIVE;
				CLANG_WARN_UNREACHABLE_CODE = YES;
				CLANG_WARN__DUPLICATE_METHOD_MATCH = YES;
				COPY_PHASE_STRIP = NO;
				DEBUG_INFORMATION_FORMAT = "dwarf-with-dsym";
				ENABLE_NS_ASSERTIONS = NO;
				ENABLE_STRICT_OBJC_MSGSEND = YES;
				ENABLE_USER_SCRIPT_SANDBOXING = YES;
				GCC_C_LANGUAGE_STANDARD = gnu17;
				GCC_NO_COMMON_BLOCKS = YES;
				GCC_WARN_64_TO_32_BIT_CONVERSION = YES;
				GCC_WARN_ABOUT_RETURN_TYPE = YES_ERROR;
				GCC_WARN_UNDECLARED_SELECTOR = YES;
				GCC_WARN_UNINITIALIZED_AUTOS = YES_AGGRESSIVE;
				GCC_WARN_UNUSED_FUNCTION = YES;
				GCC_WARN_UNUSED_VARIABLE = YES;
				IPHONEOS_DEPLOYMENT_TARGET = 17.5;
				LOCALIZATION_PREFERS_STRING_CATALOGS = YES;
				MTL_ENABLE_DEBUG_INFO = NO;
				MTL_FAST_MATH = YES;
				SDKROOT = iphoneos;
				SWIFT_COMPILATION_MODE = wholemodule;
				VALIDATE_PRODUCT = YES;
			};
			name = Release;
		};
		5BD0D1152C0BA39100875E6D /* Debug */ = {
			isa = XCBuildConfiguration;
			buildSettings = {
				ASSETCATALOG_COMPILER_APPICON_NAME = AppIcon;
				ASSETCATALOG_COMPILER_GLOBAL_ACCENT_COLOR_NAME = AccentColor;
				CODE_SIGN_STYLE = Automatic;
				CURRENT_PROJECT_VERSION = 1;
				DEVELOPMENT_ASSET_PATHS = "\"TikTok/Preview Content\"";
				ENABLE_PREVIEWS = YES;
				GENERATE_INFOPLIST_FILE = YES;
				INFOPLIST_KEY_UIApplicationSceneManifest_Generation = YES;
				INFOPLIST_KEY_UIApplicationSupportsIndirectInputEvents = YES;
				INFOPLIST_KEY_UILaunchScreen_Generation = YES;
				INFOPLIST_KEY_UISupportedInterfaceOrientations_iPad = "UIInterfaceOrientationPortrait UIInterfaceOrientationPortraitUpsideDown UIInterfaceOrientationLandscapeLeft UIInterfaceOrientationLandscapeRight";
				INFOPLIST_KEY_UISupportedInterfaceOrientations_iPhone = "UIInterfaceOrientationPortrait UIInterfaceOrientationLandscapeLeft UIInterfaceOrientationLandscapeRight";
				LD_RUNPATH_SEARCH_PATHS = (
					"$(inherited)",
					"@executable_path/Frameworks",
				);
				MARKETING_VERSION = 1.0;
				PRODUCT_BUNDLE_IDENTIFIER = com.Example.TikTok;
				PRODUCT_NAME = "$(TARGET_NAME)";
				SWIFT_EMIT_LOC_STRINGS = YES;
				SWIFT_VERSION = 5.0;
				TARGETED_DEVICE_FAMILY = "1,2";
			};
			name = Debug;
		};
		5BD0D1162C0BA39100875E6D /* Release */ = {
			isa = XCBuildConfiguration;
			buildSettings = {
				ASSETCATALOG_COMPILER_APPICON_NAME = AppIcon;
				ASSETCATALOG_COMPILER_GLOBAL_ACCENT_COLOR_NAME = AccentColor;
				CODE_SIGN_STYLE = Automatic;
				CURRENT_PROJECT_VERSION = 1;
				DEVELOPMENT_ASSET_PATHS = "\"TikTok/Preview Content\"";
				ENABLE_PREVIEWS = YES;
				GENERATE_INFOPLIST_FILE = YES;
				INFOPLIST_KEY_UIApplicationSceneManifest_Generation = YES;
				INFOPLIST_KEY_UIApplicationSupportsIndirectInputEvents = YES;
				INFOPLIST_KEY_UILaunchScreen_Generation = YES;
				INFOPLIST_KEY_UISupportedInterfaceOrientations_iPad = "UIInterfaceOrientationPortrait UIInterfaceOrientationPortraitUpsideDown UIInterfaceOrientationLandscapeLeft UIInterfaceOrientationLandscapeRight";
				INFOPLIST_KEY_UISupportedInterfaceOrientations_iPhone = "UIInterfaceOrientationPortrait UIInterfaceOrientationLandscapeLeft UIInterfaceOrientationLandscapeRight";
				LD_RUNPATH_SEARCH_PATHS = (
					"$(inherited)",
					"@executable_path/Frameworks",
				);
				MARKETING_VERSION = 1.0;
				PRODUCT_BUNDLE_IDENTIFIER = com.Example.TikTok;
				PRODUCT_NAME = "$(TARGET_NAME)";
				SWIFT_EMIT_LOC_STRINGS = YES;
				SWIFT_VERSION = 5.0;
				TARGETED_DEVICE_FAMILY = "1,2";
			};
			name = Release;
		};
/* End XCBuildConfiguration section */

/* Begin XCConfigurationList section */
		5BD0D1012C0BA38F00875E6D /* Build configuration list for PBXProject "TikTok" */ = {
			isa = XCConfigurationList;
			buildConfigurations = (
				5BD0D1122C0BA39100875E6D /* Debug */,
				5BD0D1132C0BA39100875E6D /* Release */,
			);
			defaultConfigurationIsVisible = 0;
			defaultConfigurationName = Release;
		};
		5BD0D1142C0BA39100875E6D /* Build configuration list for PBXNativeTarget "TikTok" */ = {
			isa = XCConfigurationList;
			buildConfigurations = (
				5BD0D1152C0BA39100875E6D /* Debug */,
				5BD0D1162C0BA39100875E6D /* Release */,
			);
			defaultConfigurationIsVisible = 0;
			defaultConfigurationName = Release;
		};
/* End XCConfigurationList section */
	};
	rootObject = 5BD0D0FE2C0BA38F00875E6D /* Project object */;
}
